
Microsoft Visual Studio Solution File, Format Version 12.00
# Visual Studio Version 16
VisualStudioVersion = 16.0.32106.194
MinimumVisualStudioVersion = 10.0.40219.1
Project("{FAE04EC0-301F-11D3-BF4B-00C04F79EFBC}") = "NotepadPlusPlugin", "NotepadPlusPlugin\NotepadPlusPlugin.csproj", "{FF9B6FA8-8CF7-41BF-8C90-0A81C9B01534}"
EndProject
Global
	GlobalSection(SolutionConfigurationPlatforms) = preSolution
		Debug|x64 = Debug|x64
		Debug|x86 = Debug|x86
		Release|x64 = Release|x64
		Release|x86 = Release|x86
	EndGlobalSection
	GlobalSection(ProjectConfigurationPlatforms) = postSolution
		{FF9B6FA8-8CF7-41BF-8C90-0A81C9B01534}.Debug|x64.ActiveCfg = Debug|x64
		{FF9B6FA8-8CF7-41BF-8C90-0A81C9B01534}.Debug|x64.Build.0 = Debug|x64
		{FF9B6FA8-8CF7-41BF-8C90-0A81C9B01534}.Debug|x86.ActiveCfg = Debug|x86
		{FF9B6FA8-8CF7-41BF-8C90-0A81C9B01534}.Debug|x86.Build.0 = Debug|x86
		{FF9B6FA8-8CF7-41BF-8C90-0A81C9B01534}.Release|x64.ActiveCfg = Release|x64
		{FF9B6FA8-8CF7-41BF-8C90-0A81C9B01534}.Release|x64.Build.0 = Release|x64
		{FF9B6FA8-8CF7-41BF-8C90-0A81C9B01534}.Release|x86.ActiveCfg = Release|x86
		{FF9B6FA8-8CF7-41BF-8C90-0A81C9B01534}.Release|x86.Build.0 = Release|x86
	EndGlobalSection
	GlobalSection(SolutionProperties) = preSolution
		HideSolutionNode = FALSE
	EndGlobalSection
	GlobalSection(ExtensibilityGlobals) = postSolution
		SolutionGuid = {DE22CAA4-A0F3-4F58-BDC5-F767FCB2BCCE}
	EndGlobalSection
EndGlobal
